
Microsoft Visual Studio Solution File, Format Version 12.00
# Visual Studio Version 17
VisualStudioVersion = 17.7.34221.43
MinimumVisualStudioVersion = 10.0.40219.1
Project("{FAE04EC0-301F-11D3-BF4B-00C04F79EFBC}") = "TipoVariaveis", "TipoVariaveis\TipoVariaveis.csproj", "{53C3124F-6B79-4B3B-839E-A132F7B68280}"
EndProject
Global
	GlobalSection(SolutionConfigurationPlatforms) = preSolution
		Debug|Any CPU = Debug|Any CPU
		Release|Any CPU = Release|Any CPU
	EndGlobalSection
	GlobalSection(ProjectConfigurationPlatforms) = postSolution
		{53C3124F-6B79-4B3B-839E-A132F7B68280}.Debug|Any CPU.ActiveCfg = Debug|Any CPU
		{53C3124F-6B79-4B3B-839E-A132F7B68280}.Debug|Any CPU.Build.0 = Debug|Any CPU
		{53C3124F-6B79-4B3B-839E-A132F7B68280}.Release|Any CPU.ActiveCfg = Release|Any CPU
		{53C3124F-6B79-4B3B-839E-A132F7B68280}.Release|Any CPU.Build.0 = Release|Any CPU
	EndGlobalSection
	GlobalSection(SolutionProperties) = preSolution
		HideSolutionNode = FALSE
	EndGlobalSection
	GlobalSection(ExtensibilityGlobals) = postSolution
		SolutionGuid = {E9DA1AA3-5D99-48F2-9271-815D06A94505}
	EndGlobalSection
EndGlobal
